
Microsoft Visual Studio Solution File, Format Version 12.00
# Visual Studio Version 16
VisualStudioVersion = 16.0.29509.3
MinimumVisualStudioVersion = 10.0.40219.1
Project("{9A19103F-16F7-4668-BE54-9A1E7A4F7556}") = "Core", "Core\Core.csproj", "{9CADC6AC-8041-4A5A-99B0-1C673750A282}"
EndProject
Project("{9A19103F-16F7-4668-BE54-9A1E7A4F7556}") = "Infrastructure", "Infrastructure\Infrastructure.csproj", "{0A986A71-1C3E-4EA2-A736-D714CE34FC89}"
EndProject
Project("{9A19103F-16F7-4668-BE54-9A1E7A4F7556}") = "WebApi", "WebApi\WebApi.csproj", "{025F2A2A-ABD0-4604-9B73-8CE056251D22}"
EndProject
Global
	GlobalSection(SolutionConfigurationPlatforms) = preSolution
		Debug|Any CPU = Debug|Any CPU
		Release|Any CPU = Release|Any CPU
	EndGlobalSection
	GlobalSection(ProjectConfigurationPlatforms) = postSolution
		{9CADC6AC-8041-4A5A-99B0-1C673750A282}.Debug|Any CPU.ActiveCfg = Debug|Any CPU
		{9CADC6AC-8041-4A5A-99B0-1C673750A282}.Debug|Any CPU.Build.0 = Debug|Any CPU
		{9CADC6AC-8041-4A5A-99B0-1C673750A282}.Release|Any CPU.ActiveCfg = Release|Any CPU
		{9CADC6AC-8041-4A5A-99B0-1C673750A282}.Release|Any CPU.Build.0 = Release|Any CPU
		{0A986A71-1C3E-4EA2-A736-D714CE34FC89}.Debug|Any CPU.ActiveCfg = Debug|Any CPU
		{0A986A71-1C3E-4EA2-A736-D714CE34FC89}.Debug|Any CPU.Build.0 = Debug|Any CPU
		{0A986A71-1C3E-4EA2-A736-D714CE34FC89}.Release|Any CPU.ActiveCfg = Release|Any CPU
		{0A986A71-1C3E-4EA2-A736-D714CE34FC89}.Release|Any CPU.Build.0 = Release|Any CPU
		{025F2A2A-ABD0-4604-9B73-8CE056251D22}.Debug|Any CPU.ActiveCfg = Debug|Any CPU
		{025F2A2A-ABD0-4604-9B73-8CE056251D22}.Debug|Any CPU.Build.0 = Debug|Any CPU
		{025F2A2A-ABD0-4604-9B73-8CE056251D22}.Release|Any CPU.ActiveCfg = Release|Any CPU
		{025F2A2A-ABD0-4604-9B73-8CE056251D22}.Release|Any CPU.Build.0 = Release|Any CPU
	EndGlobalSection
	GlobalSection(SolutionProperties) = preSolution
		HideSolutionNode = FALSE
	EndGlobalSection
	GlobalSection(ExtensibilityGlobals) = postSolution
		SolutionGuid = {69E660FA-0DA5-4C69-8B2C-27CAA6EBA7A4}
	EndGlobalSection
EndGlobal
